
Microsoft Visual Studio Solution File, Format Version 12.00
# Visual Studio Version 17
VisualStudioVersion = 17.14.36414.22
MinimumVisualStudioVersion = 10.0.40219.1
Project("{FAE04EC0-301F-11D3-BF4B-00C04F79EFBC}") = "Backend", "Backend\Backend.csproj", "{04B1821B-7235-4B97-BCF6-98C68CE65B8F}"
EndProject
Project("{FAE04EC0-301F-11D3-BF4B-00C04F79EFBC}") = "Desktop", "Desktop\Desktop.csproj", "{0FD1AE08-46DD-4789-B9F9-4943891D8D8C}"
EndProject
Global
	GlobalSection(SolutionConfigurationPlatforms) = preSolution
		Debug|Any CPU = Debug|Any CPU
		Release|Any CPU = Release|Any CPU
	EndGlobalSection
	GlobalSection(ProjectConfigurationPlatforms) = postSolution
		{04B1821B-7235-4B97-BCF6-98C68CE65B8F}.Debug|Any CPU.ActiveCfg = Debug|Any CPU
		{04B1821B-7235-4B97-BCF6-98C68CE65B8F}.Debug|Any CPU.Build.0 = Debug|Any CPU
		{04B1821B-7235-4B97-BCF6-98C68CE65B8F}.Release|Any CPU.ActiveCfg = Release|Any CPU
		{04B1821B-7235-4B97-BCF6-98C68CE65B8F}.Release|Any CPU.Build.0 = Release|Any CPU
		{0FD1AE08-46DD-4789-B9F9-4943891D8D8C}.Debug|Any CPU.ActiveCfg = Debug|Any CPU
		{0FD1AE08-46DD-4789-B9F9-4943891D8D8C}.Debug|Any CPU.Build.0 = Debug|Any CPU
		{0FD1AE08-46DD-4789-B9F9-4943891D8D8C}.Release|Any CPU.ActiveCfg = Release|Any CPU
		{0FD1AE08-46DD-4789-B9F9-4943891D8D8C}.Release|Any CPU.Build.0 = Release|Any CPU
	EndGlobalSection
	GlobalSection(SolutionProperties) = preSolution
		HideSolutionNode = FALSE
	EndGlobalSection
	GlobalSection(ExtensibilityGlobals) = postSolution
		SolutionGuid = {2769DEB9-0141-4F81-BB64-C42C5C977D5A}
	EndGlobalSection
EndGlobal
